
Microsoft Visual Studio Solution File, Format Version 12.00
# Visual Studio Version 17
VisualStudioVersion = 17.8.34004.107
MinimumVisualStudioVersion = 10.0.40219.1
Project("{8BC9CEB8-8B4A-11D0-8D11-00A0C91BC942}") = "P13B", "P13B\P13B.vcxproj", "{B20CB634-D0B5-4622-AE1C-FF7A1ED0911E}"
EndProject
Global
	GlobalSection(SolutionConfigurationPlatforms) = preSolution
		Debug|x64 = Debug|x64
		Debug|x86 = Debug|x86
		Release|x64 = Release|x64
		Release|x86 = Release|x86
	EndGlobalSection
	GlobalSection(ProjectConfigurationPlatforms) = postSolution
		{B20CB634-D0B5-4622-AE1C-FF7A1ED0911E}.Debug|x64.ActiveCfg = Debug|x64
		{B20CB634-D0B5-4622-AE1C-FF7A1ED0911E}.Debug|x64.Build.0 = Debug|x64
		{B20CB634-D0B5-4622-AE1C-FF7A1ED0911E}.Debug|x86.ActiveCfg = Debug|Win32
		{B20CB634-D0B5-4622-AE1C-FF7A1ED0911E}.Debug|x86.Build.0 = Debug|Win32
		{B20CB634-D0B5-4622-AE1C-FF7A1ED0911E}.Release|x64.ActiveCfg = Release|x64
		{B20CB634-D0B5-4622-AE1C-FF7A1ED0911E}.Release|x64.Build.0 = Release|x64
		{B20CB634-D0B5-4622-AE1C-FF7A1ED0911E}.Release|x86.ActiveCfg = Release|Win32
		{B20CB634-D0B5-4622-AE1C-FF7A1ED0911E}.Release|x86.Build.0 = Release|Win32
	EndGlobalSection
	GlobalSection(SolutionProperties) = preSolution
		HideSolutionNode = FALSE
	EndGlobalSection
	GlobalSection(ExtensibilityGlobals) = postSolution
		SolutionGuid = {B90CE931-FDE3-4B37-A143-61181CA9FC7C}
	EndGlobalSection
EndGlobal
